{"filter":false,"title":"Gemfile.lock","tooltip":"/Gemfile.lock","undoManager":{"mark":-1,"position":-1,"stack":[]},"ace":{"folds":[],"scrolltop":0,"scrollleft":0,"selection":{"start":{"row":12,"column":32},"end":{"row":12,"column":32},"isBackwards":false},"options":{"guessTabSize":true,"useWrapMode":false,"wrapToView":true},"firstLineState":0},"timestamp":1517585048505,"hash":"694cedc4fe8cc42f8ce4c9ae9666d0bf16c4bd0f"}